{
  "name": "ai-doc",
  "lockfileVersion": 2,
  "requires": true,
  "packages": {
    "": {
      "dependencies": {
        "@preline/overlay": "^2.0.2",
        "@preline/select": "^2.0.2",
        "@preline/tabs": "^2.0.2",
        "preline": "^2.0.3"
      }
    },
    "node_modules/@popperjs/core": {
      "version": "2.11.8",
      "resolved": "https://registry.npmjs.org/@popperjs/core/-/core-2.11.8.tgz",
      "integrity": "sha512-P1st0aksCrn9sGZhp8GMYwBnQsbvAWsZAX44oXNNvLHGqAOcoVxmjZiohstwQ7SqKnbR47akdNi+uleWD8+g6A==",
      "funding": {
        "type": "opencollective",
        "url": "https://opencollective.com/popperjs"
      }
    },
    "node_modules/@preline/overlay": {
      "version": "2.0.2",
      "resolved": "https://registry.npmjs.org/@preline/overlay/-/overlay-2.0.2.tgz",
      "integrity": "sha512-X3Lw6zRsgxqEnjAqHUYnJD/88NAb2+Q3OlXmvepNmADfUPnWb+rxem2k/M56qiWfP767sZuhDvNeXTlQnGZciA=="
    },
    "node_modules/@preline/select": {
      "version": "2.0.2",
      "resolved": "https://registry.npmjs.org/@preline/select/-/select-2.0.2.tgz",
      "integrity": "sha512-4gHxX4a6W5yyh058lDts3A8uuijM54aNhF/4J0peKFiKjcicsQoFbVFYurk9zIgpHOIzDzH9KVsQjjjLlF/A/Q=="
    },
    "node_modules/@preline/tabs": {
      "version": "2.0.2",
      "resolved": "https://registry.npmjs.org/@preline/tabs/-/tabs-2.0.2.tgz",
      "integrity": "sha512-co7kNWSZdh3a9P8YEv77KpW1pfrI2Vom4t32TDvDvuyophl24ax6R9z70Mfk76f/NuJberEy0ckCLHGfeNr1vg=="
    },
    "node_modules/preline": {
      "version": "2.0.3",
      "resolved": "https://registry.npmjs.org/preline/-/preline-2.0.3.tgz",
      "integrity": "sha512-V/sLmRIHd23UCdvJNRKKszntgUqA0381erVzRpQ48NjjMOgI7DyFW4mr+lg387V0oeBc5Dx9Jxa5voppVoH9GA==",
      "dependencies": {
        "@popperjs/core": "^2.11.2"
      }
    }
  },
  "dependencies": {
    "@popperjs/core": {
      "version": "2.11.8",
      "resolved": "https://registry.npmjs.org/@popperjs/core/-/core-2.11.8.tgz",
      "integrity": "sha512-P1st0aksCrn9sGZhp8GMYwBnQsbvAWsZAX44oXNNvLHGqAOcoVxmjZiohstwQ7SqKnbR47akdNi+uleWD8+g6A=="
    },
    "@preline/overlay": {
      "version": "2.0.2",
      "resolved": "https://registry.npmjs.org/@preline/overlay/-/overlay-2.0.2.tgz",
      "integrity": "sha512-X3Lw6zRsgxqEnjAqHUYnJD/88NAb2+Q3OlXmvepNmADfUPnWb+rxem2k/M56qiWfP767sZuhDvNeXTlQnGZciA=="
    },
    "@preline/select": {
      "version": "2.0.2",
      "resolved": "https://registry.npmjs.org/@preline/select/-/select-2.0.2.tgz",
      "integrity": "sha512-4gHxX4a6W5yyh058lDts3A8uuijM54aNhF/4J0peKFiKjcicsQoFbVFYurk9zIgpHOIzDzH9KVsQjjjLlF/A/Q=="
    },
    "@preline/tabs": {
      "version": "2.0.2",
      "resolved": "https://registry.npmjs.org/@preline/tabs/-/tabs-2.0.2.tgz",
      "integrity": "sha512-co7kNWSZdh3a9P8YEv77KpW1pfrI2Vom4t32TDvDvuyophl24ax6R9z70Mfk76f/NuJberEy0ckCLHGfeNr1vg=="
    },
    "preline": {
      "version": "2.0.3",
      "resolved": "https://registry.npmjs.org/preline/-/preline-2.0.3.tgz",
      "integrity": "sha512-V/sLmRIHd23UCdvJNRKKszntgUqA0381erVzRpQ48NjjMOgI7DyFW4mr+lg387V0oeBc5Dx9Jxa5voppVoH9GA==",
      "requires": {
        "@popperjs/core": "^2.11.2"
      }
    }
  }
}
